// !$*UTF8*$!
{
	archiveVersion = 1;
	classes = {
	};
	objectVersion = 50;
	objects = {

/* Begin PBXBuildFile section */
		18A3FAE12635474000335AA0 /* AppDelegate.m in Sources */ = {isa = PBXBuildFile; fileRef = 18A3FAE02635474000335AA0 /* AppDelegate.m */; };
		18A3FAE42635474000335AA0 /* SceneDelegate.m in Sources */ = {isa = PBXBuildFile; fileRef = 18A3FAE32635474000335AA0 /* SceneDelegate.m */; };
		18A3FAE72635474000335AA0 /* ViewController.m in Sources */ = {isa = PBXBuildFile; fileRef = 18A3FAE62635474000335AA0 /* ViewController.m */; };
		18A3FAEA2635474000335AA0 /* Main.storyboard in Resources */ = {isa = PBXBuildFile; fileRef = 18A3FAE82635474000335AA0 /* Main.storyboard */; };
		18A3FAEC2635474400335AA0 /* Assets.xcassets in Resources */ = {isa = PBXBuildFile; fileRef = 18A3FAEB2635474400335AA0 /* Assets.xcassets */; };
		18A3FAEF2635474400335AA0 /* LaunchScreen.storyboard in Resources */ = {isa = PBXBuildFile; fileRef = 18A3FAED2635474400335AA0 /* LaunchScreen.storyboard */; };
		18A3FAF22635474400335AA0 /* main.m in Sources */ = {isa = PBXBuildFile; fileRef = 18A3FAF12635474400335AA0 /* main.m */; };
		18A3FB212635476E00335AA0 /* DDWebJSBridge.m in Sources */ = {isa = PBXBuildFile; fileRef = 18A3FB1F2635476E00335AA0 /* DDWebJSBridge.m */; };
		18A3FB24263547BC00335AA0 /* summerxx-test.html in Resources */ = {isa = PBXBuildFile; fileRef = 18A3FB23263547BC00335AA0 /* summerxx-test.html */; };
		18A3FB28263547C600335AA0 /* DDNewWebViewController.m in Sources */ = {isa = PBXBuildFile; fileRef = 18A3FB27263547C600335AA0 /* DDNewWebViewController.m */; };
		18A3FB38263562BB00335AA0 /* UserInfoViewController.m in Sources */ = {isa = PBXBuildFile; fileRef = 18A3FB36263562BB00335AA0 /* UserInfoViewController.m */; };
		18A3FB39263562BB00335AA0 /* UserInfoViewController.xib in Resources */ = {isa = PBXBuildFile; fileRef = 18A3FB37263562BB00335AA0 /* UserInfoViewController.xib */; };
		45936788F12326B00B42F0B6 /* libPods-DDWebJSBridgeDemo.a in Frameworks */ = {isa = PBXBuildFile; fileRef = 8D043A045AA066ABDDD1AF4B /* libPods-DDWebJSBridgeDemo.a */; };
/* End PBXBuildFile section */

/* Begin PBXFileReference section */
		18A3FADC2635474000335AA0 /* DDWebJSBridgeDemo.app */ = {isa = PBXFileReference; explicitFileType = wrapper.application; includeInIndex = 0; path = DDWebJSBridgeDemo.app; sourceTree = BUILT_PRODUCTS_DIR; };
		18A3FADF2635474000335AA0 /* AppDelegate.h */ = {isa = PBXFileReference; lastKnownFileType = sourcecode.c.h; path = AppDelegate.h; sourceTree = "<group>"; };
		18A3FAE02635474000335AA0 /* AppDelegate.m */ = {isa = PBXFileReference; lastKnownFileType = sourcecode.c.objc; path = AppDelegate.m; sourceTree = "<group>"; };
		18A3FAE22635474000335AA0 /* SceneDelegate.h */ = {isa = PBXFileReference; lastKnownFileType = sourcecode.c.h; path = SceneDelegate.h; sourceTree = "<group>"; };
		18A3FAE32635474000335AA0 /* SceneDelegate.m */ = {isa = PBXFileReference; lastKnownFileType = sourcecode.c.objc; path = SceneDelegate.m; sourceTree = "<group>"; };
		18A3FAE52635474000335AA0 /* ViewController.h */ = {isa = PBXFileReference; lastKnownFileType = sourcecode.c.h; path = ViewController.h; sourceTree = "<group>"; };
		18A3FAE62635474000335AA0 /* ViewController.m */ = {isa = PBXFileReference; lastKnownFileType = sourcecode.c.objc; path = ViewController.m; sourceTree = "<group>"; };
		18A3FAE92635474000335AA0 /* Base */ = {isa = PBXFileReference; lastKnownFileType = file.storyboard; name = Base; path = Base.lproj/Main.storyboard; sourceTree = "<group>"; };
		18A3FAEB2635474400335AA0 /* Assets.xcassets */ = {isa = PBXFileReference; lastKnownFileType = folder.assetcatalog; path = Assets.xcassets; sourceTree = "<group>"; };
		18A3FAEE2635474400335AA0 /* Base */ = {isa = PBXFileReference; lastKnownFileType = file.storyboard; name = Base; path = Base.lproj/LaunchScreen.storyboard; sourceTree = "<group>"; };
		18A3FAF02635474400335AA0 /* Info.plist */ = {isa = PBXFileReference; lastKnownFileType = text.plist.xml; path = Info.plist; sourceTree = "<group>"; };
		18A3FAF12635474400335AA0 /* main.m */ = {isa = PBXFileReference; lastKnownFileType = sourcecode.c.objc; path = main.m; sourceTree = "<group>"; };
		18A3FB1F2635476E00335AA0 /* DDWebJSBridge.m */ = {isa = PBXFileReference; fileEncoding = 4; lastKnownFileType = sourcecode.c.objc; path = DDWebJSBridge.m; sourceTree = "<group>"; };
		18A3FB202635476E00335AA0 /* DDWebJSBridge.h */ = {isa = PBXFileReference; fileEncoding = 4; lastKnownFileType = sourcecode.c.h; path = DDWebJSBridge.h; sourceTree = "<group>"; };
		18A3FB23263547BC00335AA0 /* summerxx-test.html */ = {isa = PBXFileReference; fileEncoding = 4; lastKnownFileType = text.html; path = "summerxx-test.html"; sourceTree = "<group>"; };
		18A3FB26263547C600335AA0 /* DDNewWebViewController.h */ = {isa = PBXFileReference; fileEncoding = 4; lastKnownFileType = sourcecode.c.h; path = DDNewWebViewController.h; sourceTree = "<group>"; };
		18A3FB27263547C600335AA0 /* DDNewWebViewController.m */ = {isa = PBXFileReference; fileEncoding = 4; lastKnownFileType = sourcecode.c.objc; path = DDNewWebViewController.m; sourceTree = "<group>"; };
		18A3FB35263562BB00335AA0 /* UserInfoViewController.h */ = {isa = PBXFileReference; lastKnownFileType = sourcecode.c.h; path = UserInfoViewController.h; sourceTree = "<group>"; };
		18A3FB36263562BB00335AA0 /* UserInfoViewController.m */ = {isa = PBXFileReference; lastKnownFileType = sourcecode.c.objc; path = UserInfoViewController.m; sourceTree = "<group>"; };
		18A3FB37263562BB00335AA0 /* UserInfoViewController.xib */ = {isa = PBXFileReference; lastKnownFileType = file.xib; path = UserInfoViewController.xib; sourceTree = "<group>"; };
		8D043A045AA066ABDDD1AF4B /* libPods-DDWebJSBridgeDemo.a */ = {isa = PBXFileReference; explicitFileType = archive.ar; includeInIndex = 0; path = "libPods-DDWebJSBridgeDemo.a"; sourceTree = BUILT_PRODUCTS_DIR; };
		D4125AEBFE132DA0F8B0F1F1 /* Pods-DDWebJSBridgeDemo.release.xcconfig */ = {isa = PBXFileReference; includeInIndex = 1; lastKnownFileType = text.xcconfig; name = "Pods-DDWebJSBridgeDemo.release.xcconfig"; path = "Target Support Files/Pods-DDWebJSBridgeDemo/Pods-DDWebJSBridgeDemo.release.xcconfig"; sourceTree = "<group>"; };
		DF3D5FAA3C76EEC67D03C002 /* Pods-DDWebJSBridgeDemo.debug.xcconfig */ = {isa = PBXFileReference; includeInIndex = 1; lastKnownFileType = text.xcconfig; name = "Pods-DDWebJSBridgeDemo.debug.xcconfig"; path = "Target Support Files/Pods-DDWebJSBridgeDemo/Pods-DDWebJSBridgeDemo.debug.xcconfig"; sourceTree = "<group>"; };
/* End PBXFileReference section */

/* Begin PBXFrameworksBuildPhase section */
		18A3FAD92635474000335AA0 /* Frameworks */ = {
			isa = PBXFrameworksBuildPhase;
			buildActionMask = 2147483647;
			files = (
				45936788F12326B00B42F0B6 /* libPods-DDWebJSBridgeDemo.a in Frameworks */,
			);
			runOnlyForDeploymentPostprocessing = 0;
		};
/* End PBXFrameworksBuildPhase section */

/* Begin PBXGroup section */
		18A3FAD32635474000335AA0 = {
			isa = PBXGroup;
			children = (
				18A3FB1E2635476E00335AA0 /* DDWebJSBridge */,
				18A3FADE2635474000335AA0 /* DDWebJSBridgeDemo */,
				18A3FADD2635474000335AA0 /* Products */,
				30125B507AE46A878E995DBC /* Pods */,
				30B0940C7E4C263B2EE27A23 /* Frameworks */,
			);
			sourceTree = "<group>";
		};
		18A3FADD2635474000335AA0 /* Products */ = {
			isa = PBXGroup;
			children = (
				18A3FADC2635474000335AA0 /* DDWebJSBridgeDemo.app */,
			);
			name = Products;
			sourceTree = "<group>";
		};
		18A3FADE2635474000335AA0 /* DDWebJSBridgeDemo */ = {
			isa = PBXGroup;
			children = (
				18A3FB26263547C600335AA0 /* DDNewWebViewController.h */,
				18A3FB27263547C600335AA0 /* DDNewWebViewController.m */,
				18A3FB23263547BC00335AA0 /* summerxx-test.html */,
				18A3FADF2635474000335AA0 /* AppDelegate.h */,
				18A3FAE02635474000335AA0 /* AppDelegate.m */,
				18A3FAE22635474000335AA0 /* SceneDelegate.h */,
				18A3FAE32635474000335AA0 /* SceneDelegate.m */,
				18A3FAE52635474000335AA0 /* ViewController.h */,
				18A3FAE62635474000335AA0 /* ViewController.m */,
				18A3FB35263562BB00335AA0 /* UserInfoViewController.h */,
				18A3FB36263562BB00335AA0 /* UserInfoViewController.m */,
				18A3FB37263562BB00335AA0 /* UserInfoViewController.xib */,
				18A3FAE82635474000335AA0 /* Main.storyboard */,
				18A3FAEB2635474400335AA0 /* Assets.xcassets */,
				18A3FAED2635474400335AA0 /* LaunchScreen.storyboard */,
				18A3FAF02635474400335AA0 /* Info.plist */,
				18A3FAF12635474400335AA0 /* main.m */,
			);
			path = DDWebJSBridgeDemo;
			sourceTree = "<group>";
		};
		18A3FB1E2635476E00335AA0 /* DDWebJSBridge */ = {
			isa = PBXGroup;
			children = (
				18A3FB202635476E00335AA0 /* DDWebJSBridge.h */,
				18A3FB1F2635476E00335AA0 /* DDWebJSBridge.m */,
			);
			path = DDWebJSBridge;
			sourceTree = "<group>";
		};
		30125B507AE46A878E995DBC /* Pods */ = {
			isa = PBXGroup;
			children = (
				DF3D5FAA3C76EEC67D03C002 /* Pods-DDWebJSBridgeDemo.debug.xcconfig */,
				D4125AEBFE132DA0F8B0F1F1 /* Pods-DDWebJSBridgeDemo.release.xcconfig */,
			);
			path = Pods;
			sourceTree = "<group>";
		};
		30B0940C7E4C263B2EE27A23 /* Frameworks */ = {
			isa = PBXGroup;
			children = (
				8D043A045AA066ABDDD1AF4B /* libPods-DDWebJSBridgeDemo.a */,
			);
			name = Frameworks;
			sourceTree = "<group>";
		};
/* End PBXGroup section */

/* Begin PBXNativeTarget section */
		18A3FADB2635474000335AA0 /* DDWebJSBridgeDemo */ = {
			isa = PBXNativeTarget;
			buildConfigurationList = 18A3FAF52635474400335AA0 /* Build configuration list for PBXNativeTarget "DDWebJSBridgeDemo" */;
			buildPhases = (
				A7D7905D3168B021388F7DE7 /* [CP] Check Pods Manifest.lock */,
				18A3FAD82635474000335AA0 /* Sources */,
				18A3FAD92635474000335AA0 /* Frameworks */,
				18A3FADA2635474000335AA0 /* Resources */,
			);
			buildRules = (
			);
			dependencies = (
			);
			name = DDWebJSBridgeDemo;
			productName = DDWebJSBridgeDemo;
			productReference = 18A3FADC2635474000335AA0 /* DDWebJSBridgeDemo.app */;
			productType = "com.apple.product-type.application";
		};
/* End PBXNativeTarget section */

/* Begin PBXProject section */
		18A3FAD42635474000335AA0 /* Project object */ = {
			isa = PBXProject;
			attributes = {
				LastUpgradeCheck = 1240;
				TargetAttributes = {
					18A3FADB2635474000335AA0 = {
						CreatedOnToolsVersion = 12.4;
					};
				};
			};
			buildConfigurationList = 18A3FAD72635474000335AA0 /* Build configuration list for PBXProject "DDWebJSBridgeDemo" */;
			compatibilityVersion = "Xcode 9.3";
			developmentRegion = en;
			hasScannedForEncodings = 0;
			knownRegions = (
				en,
				Base,
			);
			mainGroup = 18A3FAD32635474000335AA0;
			productRefGroup = 18A3FADD2635474000335AA0 /* Products */;
			projectDirPath = "";
			projectRoot = "";
			targets = (
				18A3FADB2635474000335AA0 /* DDWebJSBridgeDemo */,
			);
		};
/* End PBXProject section */

/* Begin PBXResourcesBuildPhase section */
		18A3FADA2635474000335AA0 /* Resources */ = {
			isa = PBXResourcesBuildPhase;
			buildActionMask = 2147483647;
			files = (
				18A3FAEF2635474400335AA0 /* LaunchScreen.storyboard in Resources */,
				18A3FAEC2635474400335AA0 /* Assets.xcassets in Resources */,
				18A3FB39263562BB00335AA0 /* UserInfoViewController.xib in Resources */,
				18A3FAEA2635474000335AA0 /* Main.storyboard in Resources */,
				18A3FB24263547BC00335AA0 /* summerxx-test.html in Resources */,
			);
			runOnlyForDeploymentPostprocessing = 0;
		};
/* End PBXResourcesBuildPhase section */

/* Begin PBXShellScriptBuildPhase section */
		A7D7905D3168B021388F7DE7 /* [CP] Check Pods Manifest.lock */ = {
			isa = PBXShellScriptBuildPhase;
			buildActionMask = 2147483647;
			files = (
			);
			inputFileListPaths = (
			);
			inputPaths = (
				"${PODS_PODFILE_DIR_PATH}/Podfile.lock",
				"${PODS_ROOT}/Manifest.lock",
			);
			name = "[CP] Check Pods Manifest.lock";
			outputFileListPaths = (
			);
			outputPaths = (
				"$(DERIVED_FILE_DIR)/Pods-DDWebJSBridgeDemo-checkManifestLockResult.txt",
			);
			runOnlyForDeploymentPostprocessing = 0;
			shellPath = /bin/sh;
			shellScript = "diff \"${PODS_PODFILE_DIR_PATH}/Podfile.lock\" \"${PODS_ROOT}/Manifest.lock\" > /dev/null\nif [ $? != 0 ] ; then\n    # print error to STDERR\n    echo \"error: The sandbox is not in sync with the Podfile.lock. Run 'pod install' or update your CocoaPods installation.\" >&2\n    exit 1\nfi\n# This output is used by Xcode 'outputs' to avoid re-running this script phase.\necho \"SUCCESS\" > \"${SCRIPT_OUTPUT_FILE_0}\"\n";
			showEnvVarsInLog = 0;
		};
/* End PBXShellScriptBuildPhase section */

/* Begin PBXSourcesBuildPhase section */
		18A3FAD82635474000335AA0 /* Sources */ = {
			isa = PBXSourcesBuildPhase;
			buildActionMask = 2147483647;
			files = (
				18A3FAE72635474000335AA0 /* ViewController.m in Sources */,
				18A3FAE12635474000335AA0 /* AppDelegate.m in Sources */,
				18A3FB212635476E00335AA0 /* DDWebJSBridge.m in Sources */,
				18A3FAF22635474400335AA0 /* main.m in Sources */,
				18A3FB28263547C600335AA0 /* DDNewWebViewController.m in Sources */,
				18A3FB38263562BB00335AA0 /* UserInfoViewController.m in Sources */,
				18A3FAE42635474000335AA0 /* SceneDelegate.m in Sources */,
			);
			runOnlyForDeploymentPostprocessing = 0;
		};
/* End PBXSourcesBuildPhase section */

/* Begin PBXVariantGroup section */
		18A3FAE82635474000335AA0 /* Main.storyboard */ = {
			isa = PBXVariantGroup;
			children = (
				18A3FAE92635474000335AA0 /* Base */,
			);
			name = Main.storyboard;
			sourceTree = "<group>";
		};
		18A3FAED2635474400335AA0 /* LaunchScreen.storyboard */ = {
			isa = PBXVariantGroup;
			children = (
				18A3FAEE2635474400335AA0 /* Base */,
			);
			name = LaunchScreen.storyboard;
			sourceTree = "<group>";
		};
/* End PBXVariantGroup section */

/* Begin XCBuildConfiguration section */
		18A3FAF32635474400335AA0 /* Debug */ = {
			isa = XCBuildConfiguration;
			buildSettings = {
				ALWAYS_SEARCH_USER_PATHS = NO;
				CLANG_ANALYZER_NONNULL = YES;
				CLANG_ANALYZER_NUMBER_OBJECT_CONVERSION = YES_AGGRESSIVE;
				CLANG_CXX_LANGUAGE_STANDARD = "gnu++14";
				CLANG_CXX_LIBRARY = "libc++";
				CLANG_ENABLE_MODULES = YES;
				CLANG_ENABLE_OBJC_ARC = YES;
				CLANG_ENABLE_OBJC_WEAK = YES;
				CLANG_WARN_BLOCK_CAPTURE_AUTORELEASING = YES;
				CLANG_WARN_BOOL_CONVERSION = YES;
				CLANG_WARN_COMMA = YES;
				CLANG_WARN_CONSTANT_CONVERSION = YES;
				CLANG_WARN_DEPRECATED_OBJC_IMPLEMENTATIONS = YES;
				CLANG_WARN_DIRECT_OBJC_ISA_USAGE = YES_ERROR;
				CLANG_WARN_DOCUMENTATION_COMMENTS = YES;
				CLANG_WARN_EMPTY_BODY = YES;
				CLANG_WARN_ENUM_CONVERSION = YES;
				CLANG_WARN_INFINITE_RECURSION = YES;
				CLANG_WARN_INT_CONVERSION = YES;
				CLANG_WARN_NON_LITERAL_NULL_CONVERSION = YES;
				CLANG_WARN_OBJC_IMPLICIT_RETAIN_SELF = YES;
				CLANG_WARN_OBJC_LITERAL_CONVERSION = YES;
				CLANG_WARN_OBJC_ROOT_CLASS = YES_ERROR;
				CLANG_WARN_QUOTED_INCLUDE_IN_FRAMEWORK_HEADER = YES;
				CLANG_WARN_RANGE_LOOP_ANALYSIS = YES;
				CLANG_WARN_STRICT_PROTOTYPES = YES;
				CLANG_WARN_SUSPICIOUS_MOVE = YES;
				CLANG_WARN_UNGUARDED_AVAILABILITY = YES_AGGRESSIVE;
				CLANG_WARN_UNREACHABLE_CODE = YES;
				CLANG_WARN__DUPLICATE_METHOD_MATCH = YES;
				COPY_PHASE_STRIP = NO;
				DEBUG_INFORMATION_FORMAT = dwarf;
				ENABLE_STRICT_OBJC_MSGSEND = YES;
				ENABLE_TESTABILITY = YES;
				GCC_C_LANGUAGE_STANDARD = gnu11;
				GCC_DYNAMIC_NO_PIC = NO;
				GCC_NO_COMMON_BLOCKS = YES;
				GCC_OPTIMIZATION_LEVEL = 0;
				GCC_PREPROCESSOR_DEFINITIONS = (
					"DEBUG=1",
					"$(inherited)",
				);
				GCC_WARN_64_TO_32_BIT_CONVERSION = YES;
				GCC_WARN_ABOUT_RETURN_TYPE = YES_ERROR;
				GCC_WARN_UNDECLARED_SELECTOR = YES;
				GCC_WARN_UNINITIALIZED_AUTOS = YES_AGGRESSIVE;
				GCC_WARN_UNUSED_FUNCTION = YES;
				GCC_WARN_UNUSED_VARIABLE = YES;
				IPHONEOS_DEPLOYMENT_TARGET = 14.4;
				MTL_ENABLE_DEBUG_INFO = INCLUDE_SOURCE;
				MTL_FAST_MATH = YES;
				ONLY_ACTIVE_ARCH = YES;
				SDKROOT = iphoneos;
			};
			name = Debug;
		};
		18A3FAF42635474400335AA0 /* Release */ = {
			isa = XCBuildConfiguration;
			buildSettings = {
				ALWAYS_SEARCH_USER_PATHS = NO;
				CLANG_ANALYZER_NONNULL = YES;
				CLANG_ANALYZER_NUMBER_OBJECT_CONVERSION = YES_AGGRESSIVE;
				CLANG_CXX_LANGUAGE_STANDARD = "gnu++14";
				CLANG_CXX_LIBRARY = "libc++";
				CLANG_ENABLE_MODULES = YES;
				CLANG_ENABLE_OBJC_ARC = YES;
				CLANG_ENABLE_OBJC_WEAK = YES;
				CLANG_WARN_BLOCK_CAPTURE_AUTORELEASING = YES;
				CLANG_WARN_BOOL_CONVERSION = YES;
				CLANG_WARN_COMMA = YES;
				CLANG_WARN_CONSTANT_CONVERSION = YES;
				CLANG_WARN_DEPRECATED_OBJC_IMPLEMENTATIONS = YES;
				CLANG_WARN_DIRECT_OBJC_ISA_USAGE = YES_ERROR;
				CLANG_WARN_DOCUMENTATION_COMMENTS = YES;
				CLANG_WARN_EMPTY_BODY = YES;
				CLANG_WARN_ENUM_CONVERSION = YES;
				CLANG_WARN_INFINITE_RECURSION = YES;
				CLANG_WARN_INT_CONVERSION = YES;
				CLANG_WARN_NON_LITERAL_NULL_CONVERSION = YES;
				CLANG_WARN_OBJC_IMPLICIT_RETAIN_SELF = YES;
				CLANG_WARN_OBJC_LITERAL_CONVERSION = YES;
				CLANG_WARN_OBJC_ROOT_CLASS = YES_ERROR;
				CLANG_WARN_QUOTED_INCLUDE_IN_FRAMEWORK_HEADER = YES;
				CLANG_WARN_RANGE_LOOP_ANALYSIS = YES;
				CLANG_WARN_STRICT_PROTOTYPES = YES;
				CLANG_WARN_SUSPICIOUS_MOVE = YES;
				CLANG_WARN_UNGUARDED_AVAILABILITY = YES_AGGRESSIVE;
				CLANG_WARN_UNREACHABLE_CODE = YES;
				CLANG_WARN__DUPLICATE_METHOD_MATCH = YES;
				COPY_PHASE_STRIP = NO;
				DEBUG_INFORMATION_FORMAT = "dwarf-with-dsym";
				ENABLE_NS_ASSERTIONS = NO;
				ENABLE_STRICT_OBJC_MSGSEND = YES;
				GCC_C_LANGUAGE_STANDARD = gnu11;
				GCC_NO_COMMON_BLOCKS = YES;
				GCC_WARN_64_TO_32_BIT_CONVERSION = YES;
				GCC_WARN_ABOUT_RETURN_TYPE = YES_ERROR;
				GCC_WARN_UNDECLARED_SELECTOR = YES;
				GCC_WARN_UNINITIALIZED_AUTOS = YES_AGGRESSIVE;
				GCC_WARN_UNUSED_FUNCTION = YES;
				GCC_WARN_UNUSED_VARIABLE = YES;
				IPHONEOS_DEPLOYMENT_TARGET = 14.4;
				MTL_ENABLE_DEBUG_INFO = NO;
				MTL_FAST_MATH = YES;
				SDKROOT = iphoneos;
				VALIDATE_PRODUCT = YES;
			};
			name = Release;
		};
		18A3FAF62635474400335AA0 /* Debug */ = {
			isa = XCBuildConfiguration;
			baseConfigurationReference = DF3D5FAA3C76EEC67D03C002 /* Pods-DDWebJSBridgeDemo.debug.xcconfig */;
			buildSettings = {
				ASSETCATALOG_COMPILER_APPICON_NAME = AppIcon;
				ASSETCATALOG_COMPILER_GLOBAL_ACCENT_COLOR_NAME = AccentColor;
				CODE_SIGN_STYLE = Automatic;
				DEVELOPMENT_TEAM = X77K95YFU8;
				INFOPLIST_FILE = DDWebJSBridgeDemo/Info.plist;
				IPHONEOS_DEPLOYMENT_TARGET = 13.0;
				LD_RUNPATH_SEARCH_PATHS = (
					"$(inherited)",
					"@executable_path/Frameworks",
				);
				PRODUCT_BUNDLE_IDENTIFIER = com.brownlee.Demo.DDWebJSBridgeDemo;
				PRODUCT_NAME = "$(TARGET_NAME)";
				TARGETED_DEVICE_FAMILY = "1,2";
			};
			name = Debug;
		};
		18A3FAF72635474400335AA0 /* Release */ = {
			isa = XCBuildConfiguration;
			baseConfigurationReference = D4125AEBFE132DA0F8B0F1F1 /* Pods-DDWebJSBridgeDemo.release.xcconfig */;
			buildSettings = {
				ASSETCATALOG_COMPILER_APPICON_NAME = AppIcon;
				ASSETCATALOG_COMPILER_GLOBAL_ACCENT_COLOR_NAME = AccentColor;
				CODE_SIGN_STYLE = Automatic;
				DEVELOPMENT_TEAM = X77K95YFU8;
				INFOPLIST_FILE = DDWebJSBridgeDemo/Info.plist;
				IPHONEOS_DEPLOYMENT_TARGET = 13.0;
				LD_RUNPATH_SEARCH_PATHS = (
					"$(inherited)",
					"@executable_path/Frameworks",
				);
				PRODUCT_BUNDLE_IDENTIFIER = com.brownlee.Demo.DDWebJSBridgeDemo;
				PRODUCT_NAME = "$(TARGET_NAME)";
				TARGETED_DEVICE_FAMILY = "1,2";
			};
			name = Release;
		};
/* End XCBuildConfiguration section */

/* Begin XCConfigurationList section */
		18A3FAD72635474000335AA0 /* Build configuration list for PBXProject "DDWebJSBridgeDemo" */ = {
			isa = XCConfigurationList;
			buildConfigurations = (
				18A3FAF32635474400335AA0 /* Debug */,
				18A3FAF42635474400335AA0 /* Release */,
			);
			defaultConfigurationIsVisible = 0;
			defaultConfigurationName = Release;
		};
		18A3FAF52635474400335AA0 /* Build configuration list for PBXNativeTarget "DDWebJSBridgeDemo" */ = {
			isa = XCConfigurationList;
			buildConfigurations = (
				18A3FAF62635474400335AA0 /* Debug */,
				18A3FAF72635474400335AA0 /* Release */,
			);
			defaultConfigurationIsVisible = 0;
			defaultConfigurationName = Release;
		};
/* End XCConfigurationList section */
	};
	rootObject = 18A3FAD42635474000335AA0 /* Project object */;
}
